
Microsoft Visual Studio Solution File, Format Version 12.00
# Visual Studio Version 17
VisualStudioVersion = 17.11.35312.102
MinimumVisualStudioVersion = 10.0.40219.1
Project("{FAE04EC0-301F-11D3-BF4B-00C04F79EFBC}") = "Lab1", "Lab1.csproj", "{73697ECD-BD4A-46D9-980F-BAA6560EA90B}"
EndProject
Global
	GlobalSection(SolutionConfigurationPlatforms) = preSolution
		Debug|Any CPU = Debug|Any CPU
		Release|Any CPU = Release|Any CPU
	EndGlobalSection
	GlobalSection(ProjectConfigurationPlatforms) = postSolution
		{73697ECD-BD4A-46D9-980F-BAA6560EA90B}.Debug|Any CPU.ActiveCfg = Debug|Any CPU
		{73697ECD-BD4A-46D9-980F-BAA6560EA90B}.Debug|Any CPU.Build.0 = Debug|Any CPU
		{73697ECD-BD4A-46D9-980F-BAA6560EA90B}.Release|Any CPU.ActiveCfg = Release|Any CPU
		{73697ECD-BD4A-46D9-980F-BAA6560EA90B}.Release|Any CPU.Build.0 = Release|Any CPU
	EndGlobalSection
	GlobalSection(SolutionProperties) = preSolution
		HideSolutionNode = FALSE
	EndGlobalSection
	GlobalSection(ExtensibilityGlobals) = postSolution
		SolutionGuid = {2E6840E7-B2F3-4177-BAF5-F038B366E4EB}
	EndGlobalSection
EndGlobal
